
Microsoft Visual Studio Solution File, Format Version 12.00
# Visual Studio 15
VisualStudioVersion = 15.0.27130.2027
MinimumVisualStudioVersion = 10.0.40219.1
Project("{FAE04EC0-301F-11D3-BF4B-00C04F79EFBC}") = "PacktPubUploadToTableStorage", "PacktPubUploadToTableStorage\PacktPubUploadToTableStorage.csproj", "{0BD9329B-CF9E-4D89-8BBE-CFF56B9E80EE}"
EndProject
Global
	GlobalSection(SolutionConfigurationPlatforms) = preSolution
		Debug|Any CPU = Debug|Any CPU
		Release|Any CPU = Release|Any CPU
	EndGlobalSection
	GlobalSection(ProjectConfigurationPlatforms) = postSolution
		{0BD9329B-CF9E-4D89-8BBE-CFF56B9E80EE}.Debug|Any CPU.ActiveCfg = Debug|Any CPU
		{0BD9329B-CF9E-4D89-8BBE-CFF56B9E80EE}.Debug|Any CPU.Build.0 = Debug|Any CPU
		{0BD9329B-CF9E-4D89-8BBE-CFF56B9E80EE}.Release|Any CPU.ActiveCfg = Release|Any CPU
		{0BD9329B-CF9E-4D89-8BBE-CFF56B9E80EE}.Release|Any CPU.Build.0 = Release|Any CPU
	EndGlobalSection
	GlobalSection(SolutionProperties) = preSolution
		HideSolutionNode = FALSE
	EndGlobalSection
	GlobalSection(ExtensibilityGlobals) = postSolution
		SolutionGuid = {AA9141AE-6B87-4B9E-8F20-B8AF6510E676}
	EndGlobalSection
EndGlobal
