
Microsoft Visual Studio Solution File, Format Version 12.00
# Visual Studio 15
VisualStudioVersion = 15.0.27130.2027
MinimumVisualStudioVersion = 10.0.40219.1
Project("{FAE04EC0-301F-11D3-BF4B-00C04F79EFBC}") = "PacktB2CWebApp", "PacktB2CWebApp\PacktB2CWebApp.csproj", "{81DCA4A6-D835-40FE-82DC-21BDB030F455}"
EndProject
Global
	GlobalSection(SolutionConfigurationPlatforms) = preSolution
		Debug|Any CPU = Debug|Any CPU
		Release|Any CPU = Release|Any CPU
	EndGlobalSection
	GlobalSection(ProjectConfigurationPlatforms) = postSolution
		{81DCA4A6-D835-40FE-82DC-21BDB030F455}.Debug|Any CPU.ActiveCfg = Debug|Any CPU
		{81DCA4A6-D835-40FE-82DC-21BDB030F455}.Debug|Any CPU.Build.0 = Debug|Any CPU
		{81DCA4A6-D835-40FE-82DC-21BDB030F455}.Release|Any CPU.ActiveCfg = Release|Any CPU
		{81DCA4A6-D835-40FE-82DC-21BDB030F455}.Release|Any CPU.Build.0 = Release|Any CPU
	EndGlobalSection
	GlobalSection(SolutionProperties) = preSolution
		HideSolutionNode = FALSE
	EndGlobalSection
	GlobalSection(ExtensibilityGlobals) = postSolution
		SolutionGuid = {DA2940CF-110F-4BEB-8D24-6AA159FE2991}
	EndGlobalSection
EndGlobal
