
Microsoft Visual Studio Solution File, Format Version 12.00
# Visual Studio 15
VisualStudioVersion = 15.0.27130.2027
MinimumVisualStudioVersion = 10.0.40219.1
Project("{FAE04EC0-301F-11D3-BF4B-00C04F79EFBC}") = "PacktVideoIndexer", "PacktVideoIndexer\PacktVideoIndexer.csproj", "{F92BB821-8E9C-4900-8C33-33394B313F85}"
EndProject
Global
	GlobalSection(SolutionConfigurationPlatforms) = preSolution
		Debug|Any CPU = Debug|Any CPU
		Release|Any CPU = Release|Any CPU
	EndGlobalSection
	GlobalSection(ProjectConfigurationPlatforms) = postSolution
		{F92BB821-8E9C-4900-8C33-33394B313F85}.Debug|Any CPU.ActiveCfg = Debug|Any CPU
		{F92BB821-8E9C-4900-8C33-33394B313F85}.Debug|Any CPU.Build.0 = Debug|Any CPU
		{F92BB821-8E9C-4900-8C33-33394B313F85}.Release|Any CPU.ActiveCfg = Release|Any CPU
		{F92BB821-8E9C-4900-8C33-33394B313F85}.Release|Any CPU.Build.0 = Release|Any CPU
	EndGlobalSection
	GlobalSection(SolutionProperties) = preSolution
		HideSolutionNode = FALSE
	EndGlobalSection
	GlobalSection(ExtensibilityGlobals) = postSolution
		EnterpriseLibraryConfigurationToolBinariesPath = packages\TransientFaultHandling.Core.5.1.1209.1\lib\NET4
		SolutionGuid = {AB0DD5C1-947C-4863-85D1-93B2ECB7DEAF}
	EndGlobalSection
EndGlobal
